// !$*UTF8*$!
{
	archiveVersion = 1;
	classes = {
	};
	objectVersion = 55;
	objects = {

/* Begin PBXBuildFile section */
		04FFBC2227F28C1200FE6637 /* AppDelegate.swift in Sources */ = {isa = PBXBuildFile; fileRef = 04FFBC2127F28C1200FE6637 /* AppDelegate.swift */; };
		04FFBC2427F28C1200FE6637 /* SceneDelegate.swift in Sources */ = {isa = PBXBuildFile; fileRef = 04FFBC2327F28C1200FE6637 /* SceneDelegate.swift */; };
		04FFBC2627F28C1200FE6637 /* ViewController.swift in Sources */ = {isa = PBXBuildFile; fileRef = 04FFBC2527F28C1200FE6637 /* ViewController.swift */; };
		04FFBC2927F28C1200FE6637 /* Main.storyboard in Resources */ = {isa = PBXBuildFile; fileRef = 04FFBC2727F28C1200FE6637 /* Main.storyboard */; };
		04FFBC2B27F28C1300FE6637 /* Assets.xcassets in Resources */ = {isa = PBXBuildFile; fileRef = 04FFBC2A27F28C1300FE6637 /* Assets.xcassets */; };
		04FFBC2E27F28C1300FE6637 /* LaunchScreen.storyboard in Resources */ = {isa = PBXBuildFile; fileRef = 04FFBC2C27F28C1300FE6637 /* LaunchScreen.storyboard */; };
		04FFBC3927F28C1400FE6637 /* BackDataPassingUsingclosuresTests.swift in Sources */ = {isa = PBXBuildFile; fileRef = 04FFBC3827F28C1400FE6637 /* BackDataPassingUsingclosuresTests.swift */; };
		04FFBC4327F28C1400FE6637 /* BackDataPassingUsingclosuresUITests.swift in Sources */ = {isa = PBXBuildFile; fileRef = 04FFBC4227F28C1400FE6637 /* BackDataPassingUsingclosuresUITests.swift */; };
		04FFBC4527F28C1400FE6637 /* BackDataPassingUsingclosuresUITestsLaunchTests.swift in Sources */ = {isa = PBXBuildFile; fileRef = 04FFBC4427F28C1400FE6637 /* BackDataPassingUsingclosuresUITestsLaunchTests.swift */; };
		04FFBC5227F28C9200FE6637 /* Student.swift in Sources */ = {isa = PBXBuildFile; fileRef = 04FFBC5127F28C9200FE6637 /* Student.swift */; };
		04FFBC5427F28CCF00FE6637 /* SecondViewController.swift in Sources */ = {isa = PBXBuildFile; fileRef = 04FFBC5327F28CCF00FE6637 /* SecondViewController.swift */; };
/* End PBXBuildFile section */

/* Begin PBXContainerItemProxy section */
		04FFBC3527F28C1400FE6637 /* PBXContainerItemProxy */ = {
			isa = PBXContainerItemProxy;
			containerPortal = 04FFBC1627F28C1200FE6637 /* Project object */;
			proxyType = 1;
			remoteGlobalIDString = 04FFBC1D27F28C1200FE6637;
			remoteInfo = BackDataPassingUsingclosures;
		};
		04FFBC3F27F28C1400FE6637 /* PBXContainerItemProxy */ = {
			isa = PBXContainerItemProxy;
			containerPortal = 04FFBC1627F28C1200FE6637 /* Project object */;
			proxyType = 1;
			remoteGlobalIDString = 04FFBC1D27F28C1200FE6637;
			remoteInfo = BackDataPassingUsingclosures;
		};
/* End PBXContainerItemProxy section */

/* Begin PBXFileReference section */
		04FFBC1E27F28C1200FE6637 /* BackDataPassingUsingclosures.app */ = {isa = PBXFileReference; explicitFileType = wrapper.application; includeInIndex = 0; path = BackDataPassingUsingclosures.app; sourceTree = BUILT_PRODUCTS_DIR; };
		04FFBC2127F28C1200FE6637 /* AppDelegate.swift */ = {isa = PBXFileReference; lastKnownFileType = sourcecode.swift; path = AppDelegate.swift; sourceTree = "<group>"; };
		04FFBC2327F28C1200FE6637 /* SceneDelegate.swift */ = {isa = PBXFileReference; lastKnownFileType = sourcecode.swift; path = SceneDelegate.swift; sourceTree = "<group>"; };
		04FFBC2527F28C1200FE6637 /* ViewController.swift */ = {isa = PBXFileReference; lastKnownFileType = sourcecode.swift; path = ViewController.swift; sourceTree = "<group>"; };
		04FFBC2827F28C1200FE6637 /* Base */ = {isa = PBXFileReference; lastKnownFileType = file.storyboard; name = Base; path = Base.lproj/Main.storyboard; sourceTree = "<group>"; };
		04FFBC2A27F28C1300FE6637 /* Assets.xcassets */ = {isa = PBXFileReference; lastKnownFileType = folder.assetcatalog; path = Assets.xcassets; sourceTree = "<group>"; };
		04FFBC2D27F28C1300FE6637 /* Base */ = {isa = PBXFileReference; lastKnownFileType = file.storyboard; name = Base; path = Base.lproj/LaunchScreen.storyboard; sourceTree = "<group>"; };
		04FFBC2F27F28C1300FE6637 /* Info.plist */ = {isa = PBXFileReference; lastKnownFileType = text.plist.xml; path = Info.plist; sourceTree = "<group>"; };
		04FFBC3427F28C1400FE6637 /* BackDataPassingUsingclosuresTests.xctest */ = {isa = PBXFileReference; explicitFileType = wrapper.cfbundle; includeInIndex = 0; path = BackDataPassingUsingclosuresTests.xctest; sourceTree = BUILT_PRODUCTS_DIR; };
		04FFBC3827F28C1400FE6637 /* BackDataPassingUsingclosuresTests.swift */ = {isa = PBXFileReference; lastKnownFileType = sourcecode.swift; path = BackDataPassingUsingclosuresTests.swift; sourceTree = "<group>"; };
		04FFBC3E27F28C1400FE6637 /* BackDataPassingUsingclosuresUITests.xctest */ = {isa = PBXFileReference; explicitFileType = wrapper.cfbundle; includeInIndex = 0; path = BackDataPassingUsingclosuresUITests.xctest; sourceTree = BUILT_PRODUCTS_DIR; };
		04FFBC4227F28C1400FE6637 /* BackDataPassingUsingclosuresUITests.swift */ = {isa = PBXFileReference; lastKnownFileType = sourcecode.swift; path = BackDataPassingUsingclosuresUITests.swift; sourceTree = "<group>"; };
		04FFBC4427F28C1400FE6637 /* BackDataPassingUsingclosuresUITestsLaunchTests.swift */ = {isa = PBXFileReference; lastKnownFileType = sourcecode.swift; path = BackDataPassingUsingclosuresUITestsLaunchTests.swift; sourceTree = "<group>"; };
		04FFBC5127F28C9200FE6637 /* Student.swift */ = {isa = PBXFileReference; lastKnownFileType = sourcecode.swift; path = Student.swift; sourceTree = "<group>"; };
		04FFBC5327F28CCF00FE6637 /* SecondViewController.swift */ = {isa = PBXFileReference; lastKnownFileType = sourcecode.swift; path = SecondViewController.swift; sourceTree = "<group>"; };
/* End PBXFileReference section */

/* Begin PBXFrameworksBuildPhase section */
		04FFBC1B27F28C1200FE6637 /* Frameworks */ = {
			isa = PBXFrameworksBuildPhase;
			buildActionMask = 2147483647;
			files = (
			);
			runOnlyForDeploymentPostprocessing = 0;
		};
		04FFBC3127F28C1400FE6637 /* Frameworks */ = {
			isa = PBXFrameworksBuildPhase;
			buildActionMask = 2147483647;
			files = (
			);
			runOnlyForDeploymentPostprocessing = 0;
		};
		04FFBC3B27F28C1400FE6637 /* Frameworks */ = {
			isa = PBXFrameworksBuildPhase;
			buildActionMask = 2147483647;
			files = (
			);
			runOnlyForDeploymentPostprocessing = 0;
		};
/* End PBXFrameworksBuildPhase section */

/* Begin PBXGroup section */
		04FFBC1527F28C1200FE6637 = {
			isa = PBXGroup;
			children = (
				04FFBC2027F28C1200FE6637 /* BackDataPassingUsingclosures */,
				04FFBC3727F28C1400FE6637 /* BackDataPassingUsingclosuresTests */,
				04FFBC4127F28C1400FE6637 /* BackDataPassingUsingclosuresUITests */,
				04FFBC1F27F28C1200FE6637 /* Products */,
			);
			sourceTree = "<group>";
		};
		04FFBC1F27F28C1200FE6637 /* Products */ = {
			isa = PBXGroup;
			children = (
				04FFBC1E27F28C1200FE6637 /* BackDataPassingUsingclosures.app */,
				04FFBC3427F28C1400FE6637 /* BackDataPassingUsingclosuresTests.xctest */,
				04FFBC3E27F28C1400FE6637 /* BackDataPassingUsingclosuresUITests.xctest */,
			);
			name = Products;
			sourceTree = "<group>";
		};
		04FFBC2027F28C1200FE6637 /* BackDataPassingUsingclosures */ = {
			isa = PBXGroup;
			children = (
				04FFBC2127F28C1200FE6637 /* AppDelegate.swift */,
				04FFBC2327F28C1200FE6637 /* SceneDelegate.swift */,
				04FFBC2527F28C1200FE6637 /* ViewController.swift */,
				04FFBC5327F28CCF00FE6637 /* SecondViewController.swift */,
				04FFBC2727F28C1200FE6637 /* Main.storyboard */,
				04FFBC2A27F28C1300FE6637 /* Assets.xcassets */,
				04FFBC2C27F28C1300FE6637 /* LaunchScreen.storyboard */,
				04FFBC2F27F28C1300FE6637 /* Info.plist */,
				04FFBC5127F28C9200FE6637 /* Student.swift */,
			);
			path = BackDataPassingUsingclosures;
			sourceTree = "<group>";
		};
		04FFBC3727F28C1400FE6637 /* BackDataPassingUsingclosuresTests */ = {
			isa = PBXGroup;
			children = (
				04FFBC3827F28C1400FE6637 /* BackDataPassingUsingclosuresTests.swift */,
			);
			path = BackDataPassingUsingclosuresTests;
			sourceTree = "<group>";
		};
		04FFBC4127F28C1400FE6637 /* BackDataPassingUsingclosuresUITests */ = {
			isa = PBXGroup;
			children = (
				04FFBC4227F28C1400FE6637 /* BackDataPassingUsingclosuresUITests.swift */,
				04FFBC4427F28C1400FE6637 /* BackDataPassingUsingclosuresUITestsLaunchTests.swift */,
			);
			path = BackDataPassingUsingclosuresUITests;
			sourceTree = "<group>";
		};
/* End PBXGroup section */

/* Begin PBXNativeTarget section */
		04FFBC1D27F28C1200FE6637 /* BackDataPassingUsingclosures */ = {
			isa = PBXNativeTarget;
			buildConfigurationList = 04FFBC4827F28C1400FE6637 /* Build configuration list for PBXNativeTarget "BackDataPassingUsingclosures" */;
			buildPhases = (
				04FFBC1A27F28C1200FE6637 /* Sources */,
				04FFBC1B27F28C1200FE6637 /* Frameworks */,
				04FFBC1C27F28C1200FE6637 /* Resources */,
			);
			buildRules = (
			);
			dependencies = (
			);
			name = BackDataPassingUsingclosures;
			productName = BackDataPassingUsingclosures;
			productReference = 04FFBC1E27F28C1200FE6637 /* BackDataPassingUsingclosures.app */;
			productType = "com.apple.product-type.application";
		};
		04FFBC3327F28C1400FE6637 /* BackDataPassingUsingclosuresTests */ = {
			isa = PBXNativeTarget;
			buildConfigurationList = 04FFBC4B27F28C1400FE6637 /* Build configuration list for PBXNativeTarget "BackDataPassingUsingclosuresTests" */;
			buildPhases = (
				04FFBC3027F28C1400FE6637 /* Sources */,
				04FFBC3127F28C1400FE6637 /* Frameworks */,
				04FFBC3227F28C1400FE6637 /* Resources */,
			);
			buildRules = (
			);
			dependencies = (
				04FFBC3627F28C1400FE6637 /* PBXTargetDependency */,
			);
			name = BackDataPassingUsingclosuresTests;
			productName = BackDataPassingUsingclosuresTests;
			productReference = 04FFBC3427F28C1400FE6637 /* BackDataPassingUsingclosuresTests.xctest */;
			productType = "com.apple.product-type.bundle.unit-test";
		};
		04FFBC3D27F28C1400FE6637 /* BackDataPassingUsingclosuresUITests */ = {
			isa = PBXNativeTarget;
			buildConfigurationList = 04FFBC4E27F28C1400FE6637 /* Build configuration list for PBXNativeTarget "BackDataPassingUsingclosuresUITests" */;
			buildPhases = (
				04FFBC3A27F28C1400FE6637 /* Sources */,
				04FFBC3B27F28C1400FE6637 /* Frameworks */,
				04FFBC3C27F28C1400FE6637 /* Resources */,
			);
			buildRules = (
			);
			dependencies = (
				04FFBC4027F28C1400FE6637 /* PBXTargetDependency */,
			);
			name = BackDataPassingUsingclosuresUITests;
			productName = BackDataPassingUsingclosuresUITests;
			productReference = 04FFBC3E27F28C1400FE6637 /* BackDataPassingUsingclosuresUITests.xctest */;
			productType = "com.apple.product-type.bundle.ui-testing";
		};
/* End PBXNativeTarget section */

/* Begin PBXProject section */
		04FFBC1627F28C1200FE6637 /* Project object */ = {
			isa = PBXProject;
			attributes = {
				BuildIndependentTargetsInParallel = 1;
				LastSwiftUpdateCheck = 1340;
				LastUpgradeCheck = 1340;
				TargetAttributes = {
					04FFBC1D27F28C1200FE6637 = {
						CreatedOnToolsVersion = 13.4.1;
					};
					04FFBC3327F28C1400FE6637 = {
						CreatedOnToolsVersion = 13.4.1;
						TestTargetID = 04FFBC1D27F28C1200FE6637;
					};
					04FFBC3D27F28C1400FE6637 = {
						CreatedOnToolsVersion = 13.4.1;
						TestTargetID = 04FFBC1D27F28C1200FE6637;
					};
				};
			};
			buildConfigurationList = 04FFBC1927F28C1200FE6637 /* Build configuration list for PBXProject "BackDataPassingUsingclosures" */;
			compatibilityVersion = "Xcode 13.0";
			developmentRegion = en;
			hasScannedForEncodings = 0;
			knownRegions = (
				en,
				Base,
			);
			mainGroup = 04FFBC1527F28C1200FE6637;
			productRefGroup = 04FFBC1F27F28C1200FE6637 /* Products */;
			projectDirPath = "";
			projectRoot = "";
			targets = (
				04FFBC1D27F28C1200FE6637 /* BackDataPassingUsingclosures */,
				04FFBC3327F28C1400FE6637 /* BackDataPassingUsingclosuresTests */,
				04FFBC3D27F28C1400FE6637 /* BackDataPassingUsingclosuresUITests */,
			);
		};
/* End PBXProject section */

/* Begin PBXResourcesBuildPhase section */
		04FFBC1C27F28C1200FE6637 /* Resources */ = {
			isa = PBXResourcesBuildPhase;
			buildActionMask = 2147483647;
			files = (
				04FFBC2E27F28C1300FE6637 /* LaunchScreen.storyboard in Resources */,
				04FFBC2B27F28C1300FE6637 /* Assets.xcassets in Resources */,
				04FFBC2927F28C1200FE6637 /* Main.storyboard in Resources */,
			);
			runOnlyForDeploymentPostprocessing = 0;
		};
		04FFBC3227F28C1400FE6637 /* Resources */ = {
			isa = PBXResourcesBuildPhase;
			buildActionMask = 2147483647;
			files = (
			);
			runOnlyForDeploymentPostprocessing = 0;
		};
		04FFBC3C27F28C1400FE6637 /* Resources */ = {
			isa = PBXResourcesBuildPhase;
			buildActionMask = 2147483647;
			files = (
			);
			runOnlyForDeploymentPostprocessing = 0;
		};
/* End PBXResourcesBuildPhase section */

/* Begin PBXSourcesBuildPhase section */
		04FFBC1A27F28C1200FE6637 /* Sources */ = {
			isa = PBXSourcesBuildPhase;
			buildActionMask = 2147483647;
			files = (
				04FFBC2627F28C1200FE6637 /* ViewController.swift in Sources */,
				04FFBC2227F28C1200FE6637 /* AppDelegate.swift in Sources */,
				04FFBC2427F28C1200FE6637 /* SceneDelegate.swift in Sources */,
				04FFBC5427F28CCF00FE6637 /* SecondViewController.swift in Sources */,
				04FFBC5227F28C9200FE6637 /* Student.swift in Sources */,
			);
			runOnlyForDeploymentPostprocessing = 0;
		};
		04FFBC3027F28C1400FE6637 /* Sources */ = {
			isa = PBXSourcesBuildPhase;
			buildActionMask = 2147483647;
			files = (
				04FFBC3927F28C1400FE6637 /* BackDataPassingUsingclosuresTests.swift in Sources */,
			);
			runOnlyForDeploymentPostprocessing = 0;
		};
		04FFBC3A27F28C1400FE6637 /* Sources */ = {
			isa = PBXSourcesBuildPhase;
			buildActionMask = 2147483647;
			files = (
				04FFBC4527F28C1400FE6637 /* BackDataPassingUsingclosuresUITestsLaunchTests.swift in Sources */,
				04FFBC4327F28C1400FE6637 /* BackDataPassingUsingclosuresUITests.swift in Sources */,
			);
			runOnlyForDeploymentPostprocessing = 0;
		};
/* End PBXSourcesBuildPhase section */

/* Begin PBXTargetDependency section */
		04FFBC3627F28C1400FE6637 /* PBXTargetDependency */ = {
			isa = PBXTargetDependency;
			target = 04FFBC1D27F28C1200FE6637 /* BackDataPassingUsingclosures */;
			targetProxy = 04FFBC3527F28C1400FE6637 /* PBXContainerItemProxy */;
		};
		04FFBC4027F28C1400FE6637 /* PBXTargetDependency */ = {
			isa = PBXTargetDependency;
			target = 04FFBC1D27F28C1200FE6637 /* BackDataPassingUsingclosures */;
			targetProxy = 04FFBC3F27F28C1400FE6637 /* PBXContainerItemProxy */;
		};
/* End PBXTargetDependency section */

/* Begin PBXVariantGroup section */
		04FFBC2727F28C1200FE6637 /* Main.storyboard */ = {
			isa = PBXVariantGroup;
			children = (
				04FFBC2827F28C1200FE6637 /* Base */,
			);
			name = Main.storyboard;
			sourceTree = "<group>";
		};
		04FFBC2C27F28C1300FE6637 /* LaunchScreen.storyboard */ = {
			isa = PBXVariantGroup;
			children = (
				04FFBC2D27F28C1300FE6637 /* Base */,
			);
			name = LaunchScreen.storyboard;
			sourceTree = "<group>";
		};
/* End PBXVariantGroup section */

/* Begin XCBuildConfiguration section */
		04FFBC4627F28C1400FE6637 /* Debug */ = {
			isa = XCBuildConfiguration;
			buildSettings = {
				ALWAYS_SEARCH_USER_PATHS = NO;
				CLANG_ANALYZER_NONNULL = YES;
				CLANG_ANALYZER_NUMBER_OBJECT_CONVERSION = YES_AGGRESSIVE;
				CLANG_CXX_LANGUAGE_STANDARD = "gnu++17";
				CLANG_ENABLE_MODULES = YES;
				CLANG_ENABLE_OBJC_ARC = YES;
				CLANG_ENABLE_OBJC_WEAK = YES;
				CLANG_WARN_BLOCK_CAPTURE_AUTORELEASING = YES;
				CLANG_WARN_BOOL_CONVERSION = YES;
				CLANG_WARN_COMMA = YES;
				CLANG_WARN_CONSTANT_CONVERSION = YES;
				CLANG_WARN_DEPRECATED_OBJC_IMPLEMENTATIONS = YES;
				CLANG_WARN_DIRECT_OBJC_ISA_USAGE = YES_ERROR;
				CLANG_WARN_DOCUMENTATION_COMMENTS = YES;
				CLANG_WARN_EMPTY_BODY = YES;
				CLANG_WARN_ENUM_CONVERSION = YES;
				CLANG_WARN_INFINITE_RECURSION = YES;
				CLANG_WARN_INT_CONVERSION = YES;
				CLANG_WARN_NON_LITERAL_NULL_CONVERSION = YES;
				CLANG_WARN_OBJC_IMPLICIT_RETAIN_SELF = YES;
				CLANG_WARN_OBJC_LITERAL_CONVERSION = YES;
				CLANG_WARN_OBJC_ROOT_CLASS = YES_ERROR;
				CLANG_WARN_QUOTED_INCLUDE_IN_FRAMEWORK_HEADER = YES;
				CLANG_WARN_RANGE_LOOP_ANALYSIS = YES;
				CLANG_WARN_STRICT_PROTOTYPES = YES;
				CLANG_WARN_SUSPICIOUS_MOVE = YES;
				CLANG_WARN_UNGUARDED_AVAILABILITY = YES_AGGRESSIVE;
				CLANG_WARN_UNREACHABLE_CODE = YES;
				CLANG_WARN__DUPLICATE_METHOD_MATCH = YES;
				COPY_PHASE_STRIP = NO;
				DEBUG_INFORMATION_FORMAT = dwarf;
				ENABLE_STRICT_OBJC_MSGSEND = YES;
				ENABLE_TESTABILITY = YES;
				GCC_C_LANGUAGE_STANDARD = gnu11;
				GCC_DYNAMIC_NO_PIC = NO;
				GCC_NO_COMMON_BLOCKS = YES;
				GCC_OPTIMIZATION_LEVEL = 0;
				GCC_PREPROCESSOR_DEFINITIONS = (
					"DEBUG=1",
					"$(inherited)",
				);
				GCC_WARN_64_TO_32_BIT_CONVERSION = YES;
				GCC_WARN_ABOUT_RETURN_TYPE = YES_ERROR;
				GCC_WARN_UNDECLARED_SELECTOR = YES;
				GCC_WARN_UNINITIALIZED_AUTOS = YES_AGGRESSIVE;
				GCC_WARN_UNUSED_FUNCTION = YES;
				GCC_WARN_UNUSED_VARIABLE = YES;
				IPHONEOS_DEPLOYMENT_TARGET = 15.5;
				MTL_ENABLE_DEBUG_INFO = INCLUDE_SOURCE;
				MTL_FAST_MATH = YES;
				ONLY_ACTIVE_ARCH = YES;
				SDKROOT = iphoneos;
				SWIFT_ACTIVE_COMPILATION_CONDITIONS = DEBUG;
				SWIFT_OPTIMIZATION_LEVEL = "-Onone";
			};
			name = Debug;
		};
		04FFBC4727F28C1400FE6637 /* Release */ = {
			isa = XCBuildConfiguration;
			buildSettings = {
				ALWAYS_SEARCH_USER_PATHS = NO;
				CLANG_ANALYZER_NONNULL = YES;
				CLANG_ANALYZER_NUMBER_OBJECT_CONVERSION = YES_AGGRESSIVE;
				CLANG_CXX_LANGUAGE_STANDARD = "gnu++17";
				CLANG_ENABLE_MODULES = YES;
				CLANG_ENABLE_OBJC_ARC = YES;
				CLANG_ENABLE_OBJC_WEAK = YES;
				CLANG_WARN_BLOCK_CAPTURE_AUTORELEASING = YES;
				CLANG_WARN_BOOL_CONVERSION = YES;
				CLANG_WARN_COMMA = YES;
				CLANG_WARN_CONSTANT_CONVERSION = YES;
				CLANG_WARN_DEPRECATED_OBJC_IMPLEMENTATIONS = YES;
				CLANG_WARN_DIRECT_OBJC_ISA_USAGE = YES_ERROR;
				CLANG_WARN_DOCUMENTATION_COMMENTS = YES;
				CLANG_WARN_EMPTY_BODY = YES;
				CLANG_WARN_ENUM_CONVERSION = YES;
				CLANG_WARN_INFINITE_RECURSION = YES;
				CLANG_WARN_INT_CONVERSION = YES;
				CLANG_WARN_NON_LITERAL_NULL_CONVERSION = YES;
				CLANG_WARN_OBJC_IMPLICIT_RETAIN_SELF = YES;
				CLANG_WARN_OBJC_LITERAL_CONVERSION = YES;
				CLANG_WARN_OBJC_ROOT_CLASS = YES_ERROR;
				CLANG_WARN_QUOTED_INCLUDE_IN_FRAMEWORK_HEADER = YES;
				CLANG_WARN_RANGE_LOOP_ANALYSIS = YES;
				CLANG_WARN_STRICT_PROTOTYPES = YES;
				CLANG_WARN_SUSPICIOUS_MOVE = YES;
				CLANG_WARN_UNGUARDED_AVAILABILITY = YES_AGGRESSIVE;
				CLANG_WARN_UNREACHABLE_CODE = YES;
				CLANG_WARN__DUPLICATE_METHOD_MATCH = YES;
				COPY_PHASE_STRIP = NO;
				DEBUG_INFORMATION_FORMAT = "dwarf-with-dsym";
				ENABLE_NS_ASSERTIONS = NO;
				ENABLE_STRICT_OBJC_MSGSEND = YES;
				GCC_C_LANGUAGE_STANDARD = gnu11;
				GCC_NO_COMMON_BLOCKS = YES;
				GCC_WARN_64_TO_32_BIT_CONVERSION = YES;
				GCC_WARN_ABOUT_RETURN_TYPE = YES_ERROR;
				GCC_WARN_UNDECLARED_SELECTOR = YES;
				GCC_WARN_UNINITIALIZED_AUTOS = YES_AGGRESSIVE;
				GCC_WARN_UNUSED_FUNCTION = YES;
				GCC_WARN_UNUSED_VARIABLE = YES;
				IPHONEOS_DEPLOYMENT_TARGET = 15.5;
				MTL_ENABLE_DEBUG_INFO = NO;
				MTL_FAST_MATH = YES;
				SDKROOT = iphoneos;
				SWIFT_COMPILATION_MODE = wholemodule;
				SWIFT_OPTIMIZATION_LEVEL = "-O";
				VALIDATE_PRODUCT = YES;
			};
			name = Release;
		};
		04FFBC4927F28C1400FE6637 /* Debug */ = {
			isa = XCBuildConfiguration;
			buildSettings = {
				ASSETCATALOG_COMPILER_APPICON_NAME = AppIcon;
				ASSETCATALOG_COMPILER_GLOBAL_ACCENT_COLOR_NAME = AccentColor;
				CODE_SIGN_STYLE = Automatic;
				CURRENT_PROJECT_VERSION = 1;
				GENERATE_INFOPLIST_FILE = YES;
				INFOPLIST_FILE = BackDataPassingUsingclosures/Info.plist;
				INFOPLIST_KEY_UIApplicationSupportsIndirectInputEvents = YES;
				INFOPLIST_KEY_UILaunchStoryboardName = LaunchScreen;
				INFOPLIST_KEY_UIMainStoryboardFile = Main;
				INFOPLIST_KEY_UISupportedInterfaceOrientations_iPad = "UIInterfaceOrientationPortrait UIInterfaceOrientationPortraitUpsideDown UIInterfaceOrientationLandscapeLeft UIInterfaceOrientationLandscapeRight";
				INFOPLIST_KEY_UISupportedInterfaceOrientations_iPhone = "UIInterfaceOrientationPortrait UIInterfaceOrientationLandscapeLeft UIInterfaceOrientationLandscapeRight";
				LD_RUNPATH_SEARCH_PATHS = (
					"$(inherited)",
					"@executable_path/Frameworks",
				);
				MARKETING_VERSION = 1.0;
				PRODUCT_BUNDLE_IDENTIFIER = in.ios.BackDataPassingUsingclosures;
				PRODUCT_NAME = "$(TARGET_NAME)";
				SWIFT_EMIT_LOC_STRINGS = YES;
				SWIFT_VERSION = 5.0;
				TARGETED_DEVICE_FAMILY = "1,2";
			};
			name = Debug;
		};
		04FFBC4A27F28C1400FE6637 /* Release */ = {
			isa = XCBuildConfiguration;
			buildSettings = {
				ASSETCATALOG_COMPILER_APPICON_NAME = AppIcon;
				ASSETCATALOG_COMPILER_GLOBAL_ACCENT_COLOR_NAME = AccentColor;
				CODE_SIGN_STYLE = Automatic;
				CURRENT_PROJECT_VERSION = 1;
				GENERATE_INFOPLIST_FILE = YES;
				INFOPLIST_FILE = BackDataPassingUsingclosures/Info.plist;
				INFOPLIST_KEY_UIApplicationSupportsIndirectInputEvents = YES;
				INFOPLIST_KEY_UILaunchStoryboardName = LaunchScreen;
				INFOPLIST_KEY_UIMainStoryboardFile = Main;
				INFOPLIST_KEY_UISupportedInterfaceOrientations_iPad = "UIInterfaceOrientationPortrait UIInterfaceOrientationPortraitUpsideDown UIInterfaceOrientationLandscapeLeft UIInterfaceOrientationLandscapeRight";
				INFOPLIST_KEY_UISupportedInterfaceOrientations_iPhone = "UIInterfaceOrientationPortrait UIInterfaceOrientationLandscapeLeft UIInterfaceOrientationLandscapeRight";
				LD_RUNPATH_SEARCH_PATHS = (
					"$(inherited)",
					"@executable_path/Frameworks",
				);
				MARKETING_VERSION = 1.0;
				PRODUCT_BUNDLE_IDENTIFIER = in.ios.BackDataPassingUsingclosures;
				PRODUCT_NAME = "$(TARGET_NAME)";
				SWIFT_EMIT_LOC_STRINGS = YES;
				SWIFT_VERSION = 5.0;
				TARGETED_DEVICE_FAMILY = "1,2";
			};
			name = Release;
		};
		04FFBC4C27F28C1400FE6637 /* Debug */ = {
			isa = XCBuildConfiguration;
			buildSettings = {
				ALWAYS_EMBED_SWIFT_STANDARD_LIBRARIES = YES;
				BUNDLE_LOADER = "$(TEST_HOST)";
				CODE_SIGN_STYLE = Automatic;
				CURRENT_PROJECT_VERSION = 1;
				GENERATE_INFOPLIST_FILE = YES;
				IPHONEOS_DEPLOYMENT_TARGET = 15.5;
				MARKETING_VERSION = 1.0;
				PRODUCT_BUNDLE_IDENTIFIER = in.ios.BackDataPassingUsingclosuresTests;
				PRODUCT_NAME = "$(TARGET_NAME)";
				SWIFT_EMIT_LOC_STRINGS = NO;
				SWIFT_VERSION = 5.0;
				TARGETED_DEVICE_FAMILY = "1,2";
				TEST_HOST = "$(BUILT_PRODUCTS_DIR)/BackDataPassingUsingclosures.app/BackDataPassingUsingclosures";
			};
			name = Debug;
		};
		04FFBC4D27F28C1400FE6637 /* Release */ = {
			isa = XCBuildConfiguration;
			buildSettings = {
				ALWAYS_EMBED_SWIFT_STANDARD_LIBRARIES = YES;
				BUNDLE_LOADER = "$(TEST_HOST)";
				CODE_SIGN_STYLE = Automatic;
				CURRENT_PROJECT_VERSION = 1;
				GENERATE_INFOPLIST_FILE = YES;
				IPHONEOS_DEPLOYMENT_TARGET = 15.5;
				MARKETING_VERSION = 1.0;
				PRODUCT_BUNDLE_IDENTIFIER = in.ios.BackDataPassingUsingclosuresTests;
				PRODUCT_NAME = "$(TARGET_NAME)";
				SWIFT_EMIT_LOC_STRINGS = NO;
				SWIFT_VERSION = 5.0;
				TARGETED_DEVICE_FAMILY = "1,2";
				TEST_HOST = "$(BUILT_PRODUCTS_DIR)/BackDataPassingUsingclosures.app/BackDataPassingUsingclosures";
			};
			name = Release;
		};
		04FFBC4F27F28C1400FE6637 /* Debug */ = {
			isa = XCBuildConfiguration;
			buildSettings = {
				ALWAYS_EMBED_SWIFT_STANDARD_LIBRARIES = YES;
				CODE_SIGN_STYLE = Automatic;
				CURRENT_PROJECT_VERSION = 1;
				GENERATE_INFOPLIST_FILE = YES;
				MARKETING_VERSION = 1.0;
				PRODUCT_BUNDLE_IDENTIFIER = in.ios.BackDataPassingUsingclosuresUITests;
				PRODUCT_NAME = "$(TARGET_NAME)";
				SWIFT_EMIT_LOC_STRINGS = NO;
				SWIFT_VERSION = 5.0;
				TARGETED_DEVICE_FAMILY = "1,2";
				TEST_TARGET_NAME = BackDataPassingUsingclosures;
			};
			name = Debug;
		};
		04FFBC5027F28C1400FE6637 /* Release */ = {
			isa = XCBuildConfiguration;
			buildSettings = {
				ALWAYS_EMBED_SWIFT_STANDARD_LIBRARIES = YES;
				CODE_SIGN_STYLE = Automatic;
				CURRENT_PROJECT_VERSION = 1;
				GENERATE_INFOPLIST_FILE = YES;
				MARKETING_VERSION = 1.0;
				PRODUCT_BUNDLE_IDENTIFIER = in.ios.BackDataPassingUsingclosuresUITests;
				PRODUCT_NAME = "$(TARGET_NAME)";
				SWIFT_EMIT_LOC_STRINGS = NO;
				SWIFT_VERSION = 5.0;
				TARGETED_DEVICE_FAMILY = "1,2";
				TEST_TARGET_NAME = BackDataPassingUsingclosures;
			};
			name = Release;
		};
/* End XCBuildConfiguration section */

/* Begin XCConfigurationList section */
		04FFBC1927F28C1200FE6637 /* Build configuration list for PBXProject "BackDataPassingUsingclosures" */ = {
			isa = XCConfigurationList;
			buildConfigurations = (
				04FFBC4627F28C1400FE6637 /* Debug */,
				04FFBC4727F28C1400FE6637 /* Release */,
			);
			defaultConfigurationIsVisible = 0;
			defaultConfigurationName = Release;
		};
		04FFBC4827F28C1400FE6637 /* Build configuration list for PBXNativeTarget "BackDataPassingUsingclosures" */ = {
			isa = XCConfigurationList;
			buildConfigurations = (
				04FFBC4927F28C1400FE6637 /* Debug */,
				04FFBC4A27F28C1400FE6637 /* Release */,
			);
			defaultConfigurationIsVisible = 0;
			defaultConfigurationName = Release;
		};
		04FFBC4B27F28C1400FE6637 /* Build configuration list for PBXNativeTarget "BackDataPassingUsingclosuresTests" */ = {
			isa = XCConfigurationList;
			buildConfigurations = (
				04FFBC4C27F28C1400FE6637 /* Debug */,
				04FFBC4D27F28C1400FE6637 /* Release */,
			);
			defaultConfigurationIsVisible = 0;
			defaultConfigurationName = Release;
		};
		04FFBC4E27F28C1400FE6637 /* Build configuration list for PBXNativeTarget "BackDataPassingUsingclosuresUITests" */ = {
			isa = XCConfigurationList;
			buildConfigurations = (
				04FFBC4F27F28C1400FE6637 /* Debug */,
				04FFBC5027F28C1400FE6637 /* Release */,
			);
			defaultConfigurationIsVisible = 0;
			defaultConfigurationName = Release;
		};
/* End XCConfigurationList section */
	};
	rootObject = 04FFBC1627F28C1200FE6637 /* Project object */;
}
